{
  "version": 4,
  "terraform_version": "1.15.8",
  "serial": 18,
  "lineage": "5d923226-58dc-21ee-0702-b85318151e5a",
  "outputs": {
    "dev_instance_type": {
      "value": "t3.micro",
      "type": "string"
    },
    "environment": {
      "value": "prod",
      "type": "string"
    },
    "first_server": {
      "value": "server1",
      "type": "string"
    },
    "monitoring_enabled": {
      "value": true,
      "type": "bool"
    },
    "server_count": {
      "value": 2,
      "type": "number"
    }
  },
  "resources": [
    {
      "mode": "managed",
      "type": "local_file",
      "name": "devops_file",
      "provider": "provider[\"registry.terraform.io/hashicorp/local\"]",
      "instances": [
        {
          "schema_version": 0,
          "attributes": {
            "content": "Hello from Terraform Variables!",
            "content_base64": null,
            "content_base64sha256": "ljgm5+O3Kt2QYt+wBHiCsTVJIQ20PKpLkIvy+XH2fPw=",
            "content_base64sha512": "g//jXZUZ51te4LbQoW2DQMT4zWsvETHC0PnhCVfLfyWUI6zRcdCRSIzU5e/LyJOkAzkFKkBjL1Ox7TN4yEBOUQ==",
            "content_md5": "14b9ea7980aafadb8b5067724e0e0621",
            "content_sha1": "2cd0f1e759fa22f4012a7a36f167e481c005cc16",
            "content_sha256": "963826e7e3b72add9062dfb0047882b13549210db43caa4b908bf2f971f67cfc",
            "content_sha512": "83ffe35d9519e75b5ee0b6d0a16d8340c4f8cd6b2f1131c2d0f9e10957cb7f259423acd171d091488cd4e5efcbc893a40339052a40632f53b1ed3378c8404e51",
            "directory_permission": "0777",
            "file_permission": "0777",
            "filename": "./devops.txt",
            "id": "2cd0f1e759fa22f4012a7a36f167e481c005cc16",
            "sensitive_content": null,
            "source": null
          },
          "sensitive_attributes": [
            [
              {
                "type": "get_attr",
                "value": "sensitive_content"
              }
            ]
          ],
          "identity_schema_version": 0
        }
      ]
    },
    {
      "mode": "managed",
      "type": "local_file",
      "name": "environment_file",
      "provider": "provider[\"registry.terraform.io/hashicorp/local\"]",
      "instances": [
        {
          "schema_version": 0,
          "attributes": {
            "content": "Environment: prod",
            "content_base64": null,
            "content_base64sha256": "TQ7V38nIi5BLAnu/bCbVg47o6nKmj6lK3on/rvQdM0Y=",
            "content_base64sha512": "RHS3RDR7j9M5uxmeZZX6LYCoV6/KzzpO7XuWdVJ85iURkNTF5ewOj9fe+lWP5Plb30eGWkOcJPZxeLj9IN8jCQ==",
            "content_md5": "7863d747d02807231af0d9585e5a7e77",
            "content_sha1": "897363e3269beec07f5d4a0829c63f83780eea7c",
            "content_sha256": "4d0ed5dfc9c88b904b027bbf6c26d5838ee8ea72a68fa94ade89ffaef41d3346",
            "content_sha512": "4474b744347b8fd339bb199e6595fa2d80a857afcacf3a4eed7b9675527ce6251190d4c5e5ec0e8fd7defa558fe4f95bdf47865a439c24f67178b8fd20df2309",
            "directory_permission": "0777",
            "file_permission": "0777",
            "filename": "./environment.txt",
            "id": "897363e3269beec07f5d4a0829c63f83780eea7c",
            "sensitive_content": null,
            "source": null
          },
          "sensitive_attributes": [
            [
              {
                "type": "get_attr",
                "value": "sensitive_content"
              }
            ]
          ],
          "identity_schema_version": 0
        }
      ]
    }
  ],
  "check_results": [
    {
      "object_kind": "var",
      "config_addr": "var.environment",
      "status": "pass",
      "objects": [
        {
          "object_addr": "var.environment",
          "status": "pass"
        }
      ]
    }
  ]
}
