{
  "version": 4,
  "terraform_version": "1.15.8",
  "serial": 17,
  "lineage": "7f4e078d-d6ce-3dd9-db66-c9a91ec91599",
  "outputs": {},
  "resources": [
    {
      "mode": "managed",
      "type": "local_file",
      "name": "example",
      "provider": "provider[\"registry.terraform.io/hashicorp/local\"]",
      "instances": [
        {
          "schema_version": 0,
          "attributes": {
            "content": "Created using Terraform locals",
            "content_base64": null,
            "content_base64sha256": "dyA0uS7MFb2CAoHOf/GTWMmn3ctvCIrmhUZSOCOvZ9E=",
            "content_base64sha512": "HJj1zJb955g8BOiUfJWoBUFWV4byYm7NfeYkE5KQvo/rZpq/uz2TDOBqMCFw6rPC4Wlqmts++WFnVYDzleaKeQ==",
            "content_md5": "1021708f36d6df4db1ab2427226f4c95",
            "content_sha1": "002efb2914a2748b58b7ca30a51cfe09f8194245",
            "content_sha256": "772034b92ecc15bd820281ce7ff19358c9a7ddcb6f088ae68546523823af67d1",
            "content_sha512": "1c98f5cc96fde7983c04e8947c95a80541565786f2626ecd7de624139290be8feb669abfbb3d930ce06a302170eab3c2e1696a9adb3ef961675580f395e68a79",
            "directory_permission": "0777",
            "file_permission": "0777",
            "filename": "taskmanager-dev.txt",
            "id": "002efb2914a2748b58b7ca30a51cfe09f8194245",
            "sensitive_content": null,
            "source": null
          },
          "sensitive_attributes": [
            [
              {
                "type": "get_attr",
                "value": "sensitive_content"
              }
            ]
          ],
          "identity_schema_version": 0
        }
      ]
    }
  ],
  "check_results": null
}
