{
  "version": 4,
  "terraform_version": "1.15.8",
  "serial": 8,
  "lineage": "76c3a3b8-bc4f-a03e-a19d-bc98140340bf",
  "outputs": {},
  "resources": [
    {
      "mode": "managed",
      "type": "local_file",
      "name": "devops_file",
      "provider": "provider[\"registry.terraform.io/hashicorp/local\"]",
      "instances": [
        {
          "schema_version": 0,
          "attributes": {
            "content": "Terraform is managing this file",
            "content_base64": null,
            "content_base64sha256": "l8qEqxweKnNccgLBAlXgiuqs4VfE8mSclx9jj0MSOys=",
            "content_base64sha512": "8NXe5t6qmRp3uffpj0nzVpsBs0roeRyGkIHLBZkIh2oo/ne1nl9EtutzfdpqIZclIEMiHY6UIob0fnm2tLkCKg==",
            "content_md5": "e3ce5f55d215cecb7d69b59d5fad9b22",
            "content_sha1": "7a3d2763fa68790ad76586f97529ad3fdb963f71",
            "content_sha256": "97ca84ab1c1e2a735c7202c10255e08aeaace157c4f2649c971f638f43123b2b",
            "content_sha512": "f0d5dee6deaa991a77b9f7e98f49f3569b01b34ae8791c869081cb059908876a28fe77b59e5f44b6eb737dda6a2197252043221d8e942286f47e79b6b4b9022a",
            "directory_permission": "0777",
            "file_permission": "0777",
            "filename": "./devops.txt",
            "id": "7a3d2763fa68790ad76586f97529ad3fdb963f71",
            "sensitive_content": null,
            "source": null
          },
          "sensitive_attributes": [
            [
              {
                "type": "get_attr",
                "value": "sensitive_content"
              }
            ]
          ],
          "identity_schema_version": 0
        }
      ]
    }
  ],
  "check_results": null
}
